
Microsoft Visual Studio Solution File, Format Version 12.00
# Visual Studio Version 16
VisualStudioVersion = 16.0.30717.126
MinimumVisualStudioVersion = 10.0.40219.1
Project("{9A19103F-16F7-4668-BE54-9A1E7A4F7556}") = "GreyHackTools", "GreyHackTools\GreyHackTools.csproj", "{039CD9FF-1167-48FA-9D01-4FE4FFC5697E}"
EndProject
Project("{FAE04EC0-301F-11D3-BF4B-00C04F79EFBC}") = "ConsoleCompiler", "ConsoleCompiler\ConsoleCompiler.csproj", "{AEC0B642-632E-40ED-AC98-44193F2D8AE1}"
EndProject
Global
	GlobalSection(SolutionConfigurationPlatforms) = preSolution
		Debug|Any CPU = Debug|Any CPU
		Release|Any CPU = Release|Any CPU
	EndGlobalSection
	GlobalSection(ProjectConfigurationPlatforms) = postSolution
		{039CD9FF-1167-48FA-9D01-4FE4FFC5697E}.Debug|Any CPU.ActiveCfg = Debug|Any CPU
		{039CD9FF-1167-48FA-9D01-4FE4FFC5697E}.Debug|Any CPU.Build.0 = Debug|Any CPU
		{039CD9FF-1167-48FA-9D01-4FE4FFC5697E}.Release|Any CPU.ActiveCfg = Release|Any CPU
		{039CD9FF-1167-48FA-9D01-4FE4FFC5697E}.Release|Any CPU.Build.0 = Release|Any CPU
		{AEC0B642-632E-40ED-AC98-44193F2D8AE1}.Debug|Any CPU.ActiveCfg = Debug|Any CPU
		{AEC0B642-632E-40ED-AC98-44193F2D8AE1}.Debug|Any CPU.Build.0 = Debug|Any CPU
		{AEC0B642-632E-40ED-AC98-44193F2D8AE1}.Release|Any CPU.ActiveCfg = Release|Any CPU
		{AEC0B642-632E-40ED-AC98-44193F2D8AE1}.Release|Any CPU.Build.0 = Release|Any CPU
	EndGlobalSection
	GlobalSection(SolutionProperties) = preSolution
		HideSolutionNode = FALSE
	EndGlobalSection
	GlobalSection(ExtensibilityGlobals) = postSolution
		SolutionGuid = {38D1DD1B-39B9-4F66-818F-082F68F9FEBA}
	EndGlobalSection
EndGlobal
